
Microsoft Visual Studio Solution File, Format Version 12.00
# Visual Studio Version 16
VisualStudioVersion = 16.0.29020.237
MinimumVisualStudioVersion = 10.0.40219.1
Project("{F2A71F9B-5D33-465A-A702-920D77279786}") = "KoreanKit", "src\KoreanKit.fsproj", "{69A67531-15B1-4D32-B49E-35D01EBACC2A}"
EndProject
Global
	GlobalSection(SolutionConfigurationPlatforms) = preSolution
		Debug|Any CPU = Debug|Any CPU
		Release|Any CPU = Release|Any CPU
	EndGlobalSection
	GlobalSection(ProjectConfigurationPlatforms) = postSolution
		{69A67531-15B1-4D32-B49E-35D01EBACC2A}.Debug|Any CPU.ActiveCfg = Debug|Any CPU
		{69A67531-15B1-4D32-B49E-35D01EBACC2A}.Debug|Any CPU.Build.0 = Debug|Any CPU
		{69A67531-15B1-4D32-B49E-35D01EBACC2A}.Release|Any CPU.ActiveCfg = Release|Any CPU
		{69A67531-15B1-4D32-B49E-35D01EBACC2A}.Release|Any CPU.Build.0 = Release|Any CPU
	EndGlobalSection
	GlobalSection(SolutionProperties) = preSolution
		HideSolutionNode = FALSE
	EndGlobalSection
	GlobalSection(ExtensibilityGlobals) = postSolution
		SolutionGuid = {01EE1D32-991B-4763-BB14-0E153653E85B}
	EndGlobalSection
EndGlobal
